# THIS IS AN AUTOGENERATED FILE. DO NOT EDIT THIS FILE DIRECTLY.
# yarn lockfile v1


"@bufbuild/connect@^0.12.0":
  version "0.12.0"
  resolved "https://registry.yarnpkg.com/@bufbuild/connect/-/connect-0.12.0.tgz#b339dc913135e0d29f143cae76581f7b090be34f"
  integrity sha512-rYn3Akp7teOkvqxguLbf6QKizH37Yeo33lseV+JHDZC19CsAV9wrrZM17Sa+LNEBj/hrYtQF7EIcllgGxhv9aw==
